PODS:
  - JSQMessagesViewController (7.3.3):
    - JSQSystemSoundPlayer (~> 2.0.1)
  - JSQSystemSoundPlayer (2.0.1)

DEPENDENCIES:
  - JSQMessagesViewController

SPEC CHECKSUMS:
  JSQMessagesViewController: 0ee3f80237268192a3e8337fd0d787f1a1bf5a7a
  JSQSystemSoundPlayer: c5850e77a4363ffd374cd851154b9af93264ed8d

PODFILE CHECKSUM: 8de725c86a9f8e586da7f3c9e6f73fd6e8371d2d

COCOAPODS: 1.0.1
